
Microsoft Visual Studio Solution File, Format Version 12.00
# Visual Studio 14
VisualStudioVersion = 14.0.23107.0
MinimumVisualStudioVersion = 10.0.40219.1
Project("{FAE04EC0-301F-11D3-BF4B-00C04F79EFBC}") = "Fubu3TodoApp", "Fubu3TodoApp\Fubu3TodoApp.csproj", "{0E7F54C2-2961-4D60-B878-909D48E7CF08}"
EndProject
Project("{FAE04EC0-301F-11D3-BF4B-00C04F79EFBC}") = "Fubu3TodoApp.StoryTeller", "Fubu3TodoApp.StoryTeller\Fubu3TodoApp.StoryTeller.csproj", "{CEE9D2B6-BC98-443D-8E11-966548DDE981}"
EndProject
Project("{FAE04EC0-301F-11D3-BF4B-00C04F79EFBC}") = "IoC", "IoC\IoC.csproj", "{D1CA2445-ADD0-482D-AFEC-720439BE5841}"
EndProject
Global
	GlobalSection(SolutionConfigurationPlatforms) = preSolution
		Debug|Any CPU = Debug|Any CPU
		Release|Any CPU = Release|Any CPU
	EndGlobalSection
	GlobalSection(ProjectConfigurationPlatforms) = postSolution
		{0E7F54C2-2961-4D60-B878-909D48E7CF08}.Debug|Any CPU.ActiveCfg = Debug|Any CPU
		{0E7F54C2-2961-4D60-B878-909D48E7CF08}.Debug|Any CPU.Build.0 = Debug|Any CPU
		{0E7F54C2-2961-4D60-B878-909D48E7CF08}.Release|Any CPU.ActiveCfg = Release|Any CPU
		{0E7F54C2-2961-4D60-B878-909D48E7CF08}.Release|Any CPU.Build.0 = Release|Any CPU
		{CEE9D2B6-BC98-443D-8E11-966548DDE981}.Debug|Any CPU.ActiveCfg = Debug|Any CPU
		{CEE9D2B6-BC98-443D-8E11-966548DDE981}.Debug|Any CPU.Build.0 = Debug|Any CPU
		{CEE9D2B6-BC98-443D-8E11-966548DDE981}.Release|Any CPU.ActiveCfg = Release|Any CPU
		{CEE9D2B6-BC98-443D-8E11-966548DDE981}.Release|Any CPU.Build.0 = Release|Any CPU
		{D1CA2445-ADD0-482D-AFEC-720439BE5841}.Debug|Any CPU.ActiveCfg = Debug|Any CPU
		{D1CA2445-ADD0-482D-AFEC-720439BE5841}.Debug|Any CPU.Build.0 = Debug|Any CPU
		{D1CA2445-ADD0-482D-AFEC-720439BE5841}.Release|Any CPU.ActiveCfg = Release|Any CPU
		{D1CA2445-ADD0-482D-AFEC-720439BE5841}.Release|Any CPU.Build.0 = Release|Any CPU
	EndGlobalSection
	GlobalSection(SolutionProperties) = preSolution
		HideSolutionNode = FALSE
	EndGlobalSection
EndGlobal
