
Microsoft Visual Studio Solution File, Format Version 12.00
# Visual Studio 2013
VisualStudioVersion = 12.0.31101.0
MinimumVisualStudioVersion = 10.0.40219.1
Project("{FAE04EC0-301F-11D3-BF4B-00C04F79EFBC}") = "MyFubuApp", "MyFubuApp\MyFubuApp.csproj", "{62EB9A05-6195-4C4D-BAB8-6A5FC63D289B}"
EndProject
Project("{FAE04EC0-301F-11D3-BF4B-00C04F79EFBC}") = "MyFubuApp.Tests", "MyFubuApp.Tests\MyFubuApp.Tests.csproj", "{82BFB032-75A5-402B-AA2E-34A603638761}"
EndProject
Global
	GlobalSection(SolutionConfigurationPlatforms) = preSolution
		Debug|Any CPU = Debug|Any CPU
		Release|Any CPU = Release|Any CPU
	EndGlobalSection
	GlobalSection(ProjectConfigurationPlatforms) = postSolution
		{62EB9A05-6195-4C4D-BAB8-6A5FC63D289B}.Debug|Any CPU.ActiveCfg = Debug|Any CPU
		{62EB9A05-6195-4C4D-BAB8-6A5FC63D289B}.Debug|Any CPU.Build.0 = Debug|Any CPU
		{62EB9A05-6195-4C4D-BAB8-6A5FC63D289B}.Release|Any CPU.ActiveCfg = Release|Any CPU
		{62EB9A05-6195-4C4D-BAB8-6A5FC63D289B}.Release|Any CPU.Build.0 = Release|Any CPU
		{82BFB032-75A5-402B-AA2E-34A603638761}.Debug|Any CPU.ActiveCfg = Debug|Any CPU
		{82BFB032-75A5-402B-AA2E-34A603638761}.Debug|Any CPU.Build.0 = Debug|Any CPU
		{82BFB032-75A5-402B-AA2E-34A603638761}.Release|Any CPU.ActiveCfg = Release|Any CPU
		{82BFB032-75A5-402B-AA2E-34A603638761}.Release|Any CPU.Build.0 = Release|Any CPU
	EndGlobalSection
	GlobalSection(SolutionProperties) = preSolution
		HideSolutionNode = FALSE
	EndGlobalSection
EndGlobal
